
Microsoft Visual Studio Solution File, Format Version 12.00
# Visual Studio Version 16
VisualStudioVersion = 16.0.32002.261
MinimumVisualStudioVersion = 10.0.40219.1
Project("{FAE04EC0-301F-11D3-BF4B-00C04F79EFBC}") = "SortingAPI", "SortingAPI\SortingAPI.csproj", "{E72C9354-343A-44D1-8DC9-DAC1F8E1E627}"
EndProject
Project("{FAE04EC0-301F-11D3-BF4B-00C04F79EFBC}") = "SortingTests", "SortingTests\SortingTests.csproj", "{84D67FC9-B3AF-4F05-8809-95412E3F2275}"
EndProject
Global
	GlobalSection(SolutionConfigurationPlatforms) = preSolution
		Debug|Any CPU = Debug|Any CPU
		Release|Any CPU = Release|Any CPU
	EndGlobalSection
	GlobalSection(ProjectConfigurationPlatforms) = postSolution
		{E72C9354-343A-44D1-8DC9-DAC1F8E1E627}.Debug|Any CPU.ActiveCfg = Debug|Any CPU
		{E72C9354-343A-44D1-8DC9-DAC1F8E1E627}.Debug|Any CPU.Build.0 = Debug|Any CPU
		{E72C9354-343A-44D1-8DC9-DAC1F8E1E627}.Release|Any CPU.ActiveCfg = Release|Any CPU
		{E72C9354-343A-44D1-8DC9-DAC1F8E1E627}.Release|Any CPU.Build.0 = Release|Any CPU
		{84D67FC9-B3AF-4F05-8809-95412E3F2275}.Debug|Any CPU.ActiveCfg = Debug|Any CPU
		{84D67FC9-B3AF-4F05-8809-95412E3F2275}.Debug|Any CPU.Build.0 = Debug|Any CPU
		{84D67FC9-B3AF-4F05-8809-95412E3F2275}.Release|Any CPU.ActiveCfg = Release|Any CPU
		{84D67FC9-B3AF-4F05-8809-95412E3F2275}.Release|Any CPU.Build.0 = Release|Any CPU
	EndGlobalSection
	GlobalSection(SolutionProperties) = preSolution
		HideSolutionNode = FALSE
	EndGlobalSection
	GlobalSection(ExtensibilityGlobals) = postSolution
		SolutionGuid = {E0A308B2-F90F-4A6C-B52C-EAEC9D8FEBA4}
	EndGlobalSection
EndGlobal
